// !$*UTF8*$!
{
	archiveVersion = 1;
	classes = {
	};
	objectVersion = 50;
	objects = {

/* Begin PBXBuildFile section */
		0B31601261B889D9D6205C1F /* Pods_TwitchGamesUITests.framework in Frameworks */ = {isa = PBXBuildFile; fileRef = FAFC10D914EC7B93833F8E4B /* Pods_TwitchGamesUITests.framework */; };
		1E9A75E0D8C8D1CC41D2C2F1 /* Pods_TwitchGames.framework in Frameworks */ = {isa = PBXBuildFile; fileRef = C9F223AC54CFD368E8171B4E /* Pods_TwitchGames.framework */; };
		5DBBF940179CCB0205238E8C /* Pods_TwitchGamesTests.framework in Frameworks */ = {isa = PBXBuildFile; fileRef = 6EF316D2E076591188F08A5F /* Pods_TwitchGamesTests.framework */; };
		B01D61C32080390500EE0B41 /* UIImageView+Extension.swift in Sources */ = {isa = PBXBuildFile; fileRef = B01D61C22080390500EE0B41 /* UIImageView+Extension.swift */; };
		B01D61C52080581300EE0B41 /* CustomFlowLayout.swift in Sources */ = {isa = PBXBuildFile; fileRef = B01D61C42080581300EE0B41 /* CustomFlowLayout.swift */; };
		B01D61C72080597C00EE0B41 /* UIView+Extension.swift in Sources */ = {isa = PBXBuildFile; fileRef = B01D61C62080597C00EE0B41 /* UIView+Extension.swift */; };
		B024B0B4207C356D00BC9841 /* ApiManager.swift in Sources */ = {isa = PBXBuildFile; fileRef = B024B0B3207C356D00BC9841 /* ApiManager.swift */; };
		B024B0B8207C364B00BC9841 /* urls.plist in Resources */ = {isa = PBXBuildFile; fileRef = B024B0B7207C364B00BC9841 /* urls.plist */; };
		B024B0BB207C36D600BC9841 /* TGUrlHelper.swift in Sources */ = {isa = PBXBuildFile; fileRef = B024B0BA207C36D600BC9841 /* TGUrlHelper.swift */; };
		B024B0BF207C490900BC9841 /* RequestBuilder.swift in Sources */ = {isa = PBXBuildFile; fileRef = B024B0BE207C490900BC9841 /* RequestBuilder.swift */; };
		B024B0C1207C49B600BC9841 /* ProductError.swift in Sources */ = {isa = PBXBuildFile; fileRef = B024B0C0207C49B600BC9841 /* ProductError.swift */; };
		B024B0C4207C4BFF00BC9841 /* HomeService.swift in Sources */ = {isa = PBXBuildFile; fileRef = B024B0C3207C4BFF00BC9841 /* HomeService.swift */; };
		B026F8BC2083EC4400689E31 /* Product.swift in Sources */ = {isa = PBXBuildFile; fileRef = B026F8BB2083EC4400689E31 /* Product.swift */; };
		B026F8C22083F35600689E31 /* ProductList.swift in Sources */ = {isa = PBXBuildFile; fileRef = B026F8C12083F35600689E31 /* ProductList.swift */; };
		B0509961208511FA0055F3C9 /* FavoritePresenter.swift in Sources */ = {isa = PBXBuildFile; fileRef = B0509960208511FA0055F3C9 /* FavoritePresenter.swift */; };
		B05099652085247C0055F3C9 /* FavoriteService.swift in Sources */ = {isa = PBXBuildFile; fileRef = B05099642085247B0055F3C9 /* FavoriteService.swift */; };
		B097146620784D4D00517043 /* AppDelegate.swift in Sources */ = {isa = PBXBuildFile; fileRef = B097146520784D4D00517043 /* AppDelegate.swift */; };
		B097146B20784D4D00517043 /* Main.storyboard in Resources */ = {isa = PBXBuildFile; fileRef = B097146920784D4D00517043 /* Main.storyboard */; };
		B097146E20784D4D00517043 /* TwitchGames.xcdatamodeld in Sources */ = {isa = PBXBuildFile; fileRef = B097146C20784D4D00517043 /* TwitchGames.xcdatamodeld */; };
		B097147020784D4E00517043 /* Assets.xcassets in Resources */ = {isa = PBXBuildFile; fileRef = B097146F20784D4E00517043 /* Assets.xcassets */; };
		B097147320784D4E00517043 /* LaunchScreen.storyboard in Resources */ = {isa = PBXBuildFile; fileRef = B097147120784D4E00517043 /* LaunchScreen.storyboard */; };
		B097147E20784D4E00517043 /* TwitchGamesTests.swift in Sources */ = {isa = PBXBuildFile; fileRef = B097147D20784D4E00517043 /* TwitchGamesTests.swift */; };
		B097148920784D4E00517043 /* TwitchGamesUITests.swift in Sources */ = {isa = PBXBuildFile; fileRef = B097148820784D4E00517043 /* TwitchGamesUITests.swift */; };
		B097149B20786A5700517043 /* HomeViewController.swift in Sources */ = {isa = PBXBuildFile; fileRef = B097149A20786A5700517043 /* HomeViewController.swift */; };
		B097149D20786A8100517043 /* FavoriteViewController.swift in Sources */ = {isa = PBXBuildFile; fileRef = B097149C20786A8100517043 /* FavoriteViewController.swift */; };
		B097149F20786A8C00517043 /* DetailViewController.swift in Sources */ = {isa = PBXBuildFile; fileRef = B097149E20786A8C00517043 /* DetailViewController.swift */; };
		B09714A120786AF000517043 /* HomePresenter.swift in Sources */ = {isa = PBXBuildFile; fileRef = B09714A020786AF000517043 /* HomePresenter.swift */; };
		B099E361207C50330045C2CA /* UICollectionViewCell+Extension.swift in Sources */ = {isa = PBXBuildFile; fileRef = B099E360207C50330045C2CA /* UICollectionViewCell+Extension.swift */; };
		B099E366207C51520045C2CA /* ProductCell.swift in Sources */ = {isa = PBXBuildFile; fileRef = B099E364207C51520045C2CA /* ProductCell.swift */; };
		B099E367207C51520045C2CA /* ProductCell.xib in Resources */ = {isa = PBXBuildFile; fileRef = B099E365207C51520045C2CA /* ProductCell.xib */; };
/* End PBXBuildFile section */

/* Begin PBXContainerItemProxy section */
		B097147A20784D4E00517043 /* PBXContainerItemProxy */ = {
			isa = PBXContainerItemProxy;
			containerPortal = B097145A20784D4D00517043 /* Project object */;
			proxyType = 1;
			remoteGlobalIDString = B097146120784D4D00517043;
			remoteInfo = TwitchGames;
		};
		B097148520784D4E00517043 /* PBXContainerItemProxy */ = {
			isa = PBXContainerItemProxy;
			containerPortal = B097145A20784D4D00517043 /* Project object */;
			proxyType = 1;
			remoteGlobalIDString = B097146120784D4D00517043;
			remoteInfo = TwitchGames;
		};
/* End PBXContainerItemProxy section */

/* Begin PBXFileReference section */
		0B0B5ACE99D1A9B076020C6C /* Pods-TwitchGamesUITests.release.xcconfig */ = {isa = PBXFileReference; includeInIndex = 1; lastKnownFileType = text.xcconfig; name = "Pods-TwitchGamesUITests.release.xcconfig"; path = "Pods/Target Support Files/Pods-TwitchGamesUITests/Pods-TwitchGamesUITests.release.xcconfig"; sourceTree = "<group>"; };
		193FDF833722ACD0ECA4DC46 /* Pods-TwitchGames.debug.xcconfig */ = {isa = PBXFileReference; includeInIndex = 1; lastKnownFileType = text.xcconfig; name = "Pods-TwitchGames.debug.xcconfig"; path = "Pods/Target Support Files/Pods-TwitchGames/Pods-TwitchGames.debug.xcconfig"; sourceTree = "<group>"; };
		534E7C8CFAAA20C625872C37 /* Pods-TwitchGamesUITests.debug.xcconfig */ = {isa = PBXFileReference; includeInIndex = 1; lastKnownFileType = text.xcconfig; name = "Pods-TwitchGamesUITests.debug.xcconfig"; path = "Pods/Target Support Files/Pods-TwitchGamesUITests/Pods-TwitchGamesUITests.debug.xcconfig"; sourceTree = "<group>"; };
		6EF316D2E076591188F08A5F /* Pods_TwitchGamesTests.framework */ = {isa = PBXFileReference; explicitFileType = wrapper.framework; includeInIndex = 0; path = Pods_TwitchGamesTests.framework; sourceTree = BUILT_PRODUCTS_DIR; };
		79FAB543641FF278AC65B19C /* Pods-TwitchGames.release.xcconfig */ = {isa = PBXFileReference; includeInIndex = 1; lastKnownFileType = text.xcconfig; name = "Pods-TwitchGames.release.xcconfig"; path = "Pods/Target Support Files/Pods-TwitchGames/Pods-TwitchGames.release.xcconfig"; sourceTree = "<group>"; };
		AAD1677801CB1A49EAA598D8 /* Pods-TwitchGamesTests.release.xcconfig */ = {isa = PBXFileReference; includeInIndex = 1; lastKnownFileType = text.xcconfig; name = "Pods-TwitchGamesTests.release.xcconfig"; path = "Pods/Target Support Files/Pods-TwitchGamesTests/Pods-TwitchGamesTests.release.xcconfig"; sourceTree = "<group>"; };
		B01D61C22080390500EE0B41 /* UIImageView+Extension.swift */ = {isa = PBXFileReference; lastKnownFileType = sourcecode.swift; path = "UIImageView+Extension.swift"; sourceTree = "<group>"; };
		B01D61C42080581300EE0B41 /* CustomFlowLayout.swift */ = {isa = PBXFileReference; lastKnownFileType = sourcecode.swift; path = CustomFlowLayout.swift; sourceTree = "<group>"; };
		B01D61C62080597C00EE0B41 /* UIView+Extension.swift */ = {isa = PBXFileReference; lastKnownFileType = sourcecode.swift; path = "UIView+Extension.swift"; sourceTree = "<group>"; };
		B024B0B3207C356D00BC9841 /* ApiManager.swift */ = {isa = PBXFileReference; lastKnownFileType = sourcecode.swift; path = ApiManager.swift; sourceTree = "<group>"; };
		B024B0B7207C364B00BC9841 /* urls.plist */ = {isa = PBXFileReference; fileEncoding = 4; lastKnownFileType = text.plist.xml; path = urls.plist; sourceTree = "<group>"; };
		B024B0BA207C36D600BC9841 /* TGUrlHelper.swift */ = {isa = PBXFileReference; lastKnownFileType = sourcecode.swift; path = TGUrlHelper.swift; sourceTree = "<group>"; };
		B024B0BE207C490900BC9841 /* RequestBuilder.swift */ = {isa = PBXFileReference; lastKnownFileType = sourcecode.swift; path = RequestBuilder.swift; sourceTree = "<group>"; };
		B024B0C0207C49B600BC9841 /* ProductError.swift */ = {isa = PBXFileReference; lastKnownFileType = sourcecode.swift; path = ProductError.swift; sourceTree = "<group>"; };
		B024B0C3207C4BFF00BC9841 /* HomeService.swift */ = {isa = PBXFileReference; lastKnownFileType = sourcecode.swift; path = HomeService.swift; sourceTree = "<group>"; };
		B026F8BB2083EC4400689E31 /* Product.swift */ = {isa = PBXFileReference; lastKnownFileType = sourcecode.swift; path = Product.swift; sourceTree = "<group>"; };
		B026F8C12083F35600689E31 /* ProductList.swift */ = {isa = PBXFileReference; lastKnownFileType = sourcecode.swift; path = ProductList.swift; sourceTree = "<group>"; };
		B0509960208511FA0055F3C9 /* FavoritePresenter.swift */ = {isa = PBXFileReference; lastKnownFileType = sourcecode.swift; path = FavoritePresenter.swift; sourceTree = "<group>"; };
		B05099642085247B0055F3C9 /* FavoriteService.swift */ = {isa = PBXFileReference; fileEncoding = 4; lastKnownFileType = sourcecode.swift; path = FavoriteService.swift; sourceTree = "<group>"; };
		B097146220784D4D00517043 /* TwitchGames.app */ = {isa = PBXFileReference; explicitFileType = wrapper.application; includeInIndex = 0; path = TwitchGames.app; sourceTree = BUILT_PRODUCTS_DIR; };
		B097146520784D4D00517043 /* AppDelegate.swift */ = {isa = PBXFileReference; lastKnownFileType = sourcecode.swift; path = AppDelegate.swift; sourceTree = "<group>"; };
		B097146A20784D4D00517043 /* Base */ = {isa = PBXFileReference; lastKnownFileType = file.storyboard; name = Base; path = Base.lproj/Main.storyboard; sourceTree = "<group>"; };
		B097146D20784D4D00517043 /* TwitchGames.xcdatamodel */ = {isa = PBXFileReference; lastKnownFileType = wrapper.xcdatamodel; path = TwitchGames.xcdatamodel; sourceTree = "<group>"; };
		B097146F20784D4E00517043 /* Assets.xcassets */ = {isa = PBXFileReference; lastKnownFileType = folder.assetcatalog; path = Assets.xcassets; sourceTree = "<group>"; };
		B097147220784D4E00517043 /* Base */ = {isa = PBXFileReference; lastKnownFileType = file.storyboard; name = Base; path = Base.lproj/LaunchScreen.storyboard; sourceTree = "<group>"; };
		B097147420784D4E00517043 /* Info.plist */ = {isa = PBXFileReference; lastKnownFileType = text.plist.xml; path = Info.plist; sourceTree = "<group>"; };
		B097147920784D4E00517043 /* TwitchGamesTests.xctest */ = {isa = PBXFileReference; explicitFileType = wrapper.cfbundle; includeInIndex = 0; path = TwitchGamesTests.xctest; sourceTree = BUILT_PRODUCTS_DIR; };
		B097147D20784D4E00517043 /* TwitchGamesTests.swift */ = {isa = PBXFileReference; lastKnownFileType = sourcecode.swift; path = TwitchGamesTests.swift; sourceTree = "<group>"; };
		B097147F20784D4E00517043 /* Info.plist */ = {isa = PBXFileReference; lastKnownFileType = text.plist.xml; path = Info.plist; sourceTree = "<group>"; };
		B097148420784D4E00517043 /* TwitchGamesUITests.xctest */ = {isa = PBXFileReference; explicitFileType = wrapper.cfbundle; includeInIndex = 0; path = TwitchGamesUITests.xctest; sourceTree = BUILT_PRODUCTS_DIR; };
		B097148820784D4E00517043 /* TwitchGamesUITests.swift */ = {isa = PBXFileReference; lastKnownFileType = sourcecode.swift; path = TwitchGamesUITests.swift; sourceTree = "<group>"; };
		B097148A20784D4E00517043 /* Info.plist */ = {isa = PBXFileReference; lastKnownFileType = text.plist.xml; path = Info.plist; sourceTree = "<group>"; };
		B097149A20786A5700517043 /* HomeViewController.swift */ = {isa = PBXFileReference; lastKnownFileType = sourcecode.swift; path = HomeViewController.swift; sourceTree = "<group>"; };
		B097149C20786A8100517043 /* FavoriteViewController.swift */ = {isa = PBXFileReference; lastKnownFileType = sourcecode.swift; path = FavoriteViewController.swift; sourceTree = "<group>"; };
		B097149E20786A8C00517043 /* DetailViewController.swift */ = {isa = PBXFileReference; lastKnownFileType = sourcecode.swift; path = DetailViewController.swift; sourceTree = "<group>"; };
		B09714A020786AF000517043 /* HomePresenter.swift */ = {isa = PBXFileReference; lastKnownFileType = sourcecode.swift; path = HomePresenter.swift; sourceTree = "<group>"; };
		B099E360207C50330045C2CA /* UICollectionViewCell+Extension.swift */ = {isa = PBXFileReference; lastKnownFileType = sourcecode.swift; path = "UICollectionViewCell+Extension.swift"; sourceTree = "<group>"; };
		B099E364207C51520045C2CA /* ProductCell.swift */ = {isa = PBXFileReference; lastKnownFileType = sourcecode.swift; path = ProductCell.swift; sourceTree = "<group>"; };
		B099E365207C51520045C2CA /* ProductCell.xib */ = {isa = PBXFileReference; lastKnownFileType = file.xib; path = ProductCell.xib; sourceTree = "<group>"; };
		B6D5A5FD65FDF916266FDED5 /* Pods-TwitchGamesTests.debug.xcconfig */ = {isa = PBXFileReference; includeInIndex = 1; lastKnownFileType = text.xcconfig; name = "Pods-TwitchGamesTests.debug.xcconfig"; path = "Pods/Target Support Files/Pods-TwitchGamesTests/Pods-TwitchGamesTests.debug.xcconfig"; sourceTree = "<group>"; };
		C9F223AC54CFD368E8171B4E /* Pods_TwitchGames.framework */ = {isa = PBXFileReference; explicitFileType = wrapper.framework; includeInIndex = 0; path = Pods_TwitchGames.framework; sourceTree = BUILT_PRODUCTS_DIR; };
		FAFC10D914EC7B93833F8E4B /* Pods_TwitchGamesUITests.framework */ = {isa = PBXFileReference; explicitFileType = wrapper.framework; includeInIndex = 0; path = Pods_TwitchGamesUITests.framework; sourceTree = BUILT_PRODUCTS_DIR; };
/* End PBXFileReference section */

/* Begin PBXFrameworksBuildPhase section */
		B097145F20784D4D00517043 /* Frameworks */ = {
			isa = PBXFrameworksBuildPhase;
			buildActionMask = 2147483647;
			files = (
				1E9A75E0D8C8D1CC41D2C2F1 /* Pods_TwitchGames.framework in Frameworks */,
			);
			runOnlyForDeploymentPostprocessing = 0;
		};
		B097147620784D4E00517043 /* Frameworks */ = {
			isa = PBXFrameworksBuildPhase;
			buildActionMask = 2147483647;
			files = (
				5DBBF940179CCB0205238E8C /* Pods_TwitchGamesTests.framework in Frameworks */,
			);
			runOnlyForDeploymentPostprocessing = 0;
		};
		B097148120784D4E00517043 /* Frameworks */ = {
			isa = PBXFrameworksBuildPhase;
			buildActionMask = 2147483647;
			files = (
				0B31601261B889D9D6205C1F /* Pods_TwitchGamesUITests.framework in Frameworks */,
			);
			runOnlyForDeploymentPostprocessing = 0;
		};
/* End PBXFrameworksBuildPhase section */

/* Begin PBXGroup section */
		18F8FCB508308D177DB97F3D /* Frameworks */ = {
			isa = PBXGroup;
			children = (
				C9F223AC54CFD368E8171B4E /* Pods_TwitchGames.framework */,
				6EF316D2E076591188F08A5F /* Pods_TwitchGamesTests.framework */,
				FAFC10D914EC7B93833F8E4B /* Pods_TwitchGamesUITests.framework */,
			);
			name = Frameworks;
			sourceTree = "<group>";
		};
		B024B0B5207C362400BC9841 /* Supporting Files */ = {
			isa = PBXGroup;
			children = (
				B024B0B6207C362F00BC9841 /* Urls */,
			);
			path = "Supporting Files";
			sourceTree = "<group>";
		};
		B024B0B6207C362F00BC9841 /* Urls */ = {
			isa = PBXGroup;
			children = (
				B024B0B7207C364B00BC9841 /* urls.plist */,
			);
			path = Urls;
			sourceTree = "<group>";
		};
		B024B0B9207C36C300BC9841 /* Utils */ = {
			isa = PBXGroup;
			children = (
				B024B0BA207C36D600BC9841 /* TGUrlHelper.swift */,
				B01D61C42080581300EE0B41 /* CustomFlowLayout.swift */,
			);
			path = Utils;
			sourceTree = "<group>";
		};
		B024B0C2207C4BF100BC9841 /* Home */ = {
			isa = PBXGroup;
			children = (
				B024B0C3207C4BFF00BC9841 /* HomeService.swift */,
			);
			path = Home;
			sourceTree = "<group>";
		};
		B05099622085244E0055F3C9 /* Favorite */ = {
			isa = PBXGroup;
			children = (
				B05099642085247B0055F3C9 /* FavoriteService.swift */,
			);
			path = Favorite;
			sourceTree = "<group>";
		};
		B097145920784D4D00517043 = {
			isa = PBXGroup;
			children = (
				B097146420784D4D00517043 /* TwitchGames */,
				B097147C20784D4E00517043 /* TwitchGamesTests */,
				B097148720784D4E00517043 /* TwitchGamesUITests */,
				B097146320784D4D00517043 /* Products */,
				FBC0547FE8FE3D379DE02331 /* Pods */,
				18F8FCB508308D177DB97F3D /* Frameworks */,
			);
			sourceTree = "<group>";
		};
		B097146320784D4D00517043 /* Products */ = {
			isa = PBXGroup;
			children = (
				B097146220784D4D00517043 /* TwitchGames.app */,
				B097147920784D4E00517043 /* TwitchGamesTests.xctest */,
				B097148420784D4E00517043 /* TwitchGamesUITests.xctest */,
			);
			name = Products;
			sourceTree = "<group>";
		};
		B097146420784D4D00517043 /* TwitchGames */ = {
			isa = PBXGroup;
			children = (
				B0971497207869F300517043 /* ViewController */,
				B099E362207C512D0045C2CA /* Cell */,
				B097149820786A0900517043 /* Model */,
				B097149920786A1A00517043 /* Presenter */,
				B09714A220786B1700517043 /* Service */,
				B024B0B5207C362400BC9841 /* Supporting Files */,
				B024B0B9207C36C300BC9841 /* Utils */,
				B099E35F207C50180045C2CA /* Extension */,
				B097146520784D4D00517043 /* AppDelegate.swift */,
				B097146920784D4D00517043 /* Main.storyboard */,
				B097147120784D4E00517043 /* LaunchScreen.storyboard */,
				B097147420784D4E00517043 /* Info.plist */,
				B097146C20784D4D00517043 /* TwitchGames.xcdatamodeld */,
				B097146F20784D4E00517043 /* Assets.xcassets */,
			);
			path = TwitchGames;
			sourceTree = "<group>";
		};
		B097147C20784D4E00517043 /* TwitchGamesTests */ = {
			isa = PBXGroup;
			children = (
				B097147D20784D4E00517043 /* TwitchGamesTests.swift */,
				B097147F20784D4E00517043 /* Info.plist */,
			);
			path = TwitchGamesTests;
			sourceTree = "<group>";
		};
		B097148720784D4E00517043 /* TwitchGamesUITests */ = {
			isa = PBXGroup;
			children = (
				B097148820784D4E00517043 /* TwitchGamesUITests.swift */,
				B097148A20784D4E00517043 /* Info.plist */,
			);
			path = TwitchGamesUITests;
			sourceTree = "<group>";
		};
		B0971497207869F300517043 /* ViewController */ = {
			isa = PBXGroup;
			children = (
				B097149A20786A5700517043 /* HomeViewController.swift */,
				B097149C20786A8100517043 /* FavoriteViewController.swift */,
				B097149E20786A8C00517043 /* DetailViewController.swift */,
			);
			path = ViewController;
			sourceTree = "<group>";
		};
		B097149820786A0900517043 /* Model */ = {
			isa = PBXGroup;
			children = (
				B026F8BB2083EC4400689E31 /* Product.swift */,
				B026F8C12083F35600689E31 /* ProductList.swift */,
			);
			path = Model;
			sourceTree = "<group>";
		};
		B097149920786A1A00517043 /* Presenter */ = {
			isa = PBXGroup;
			children = (
				B09714A020786AF000517043 /* HomePresenter.swift */,
				B0509960208511FA0055F3C9 /* FavoritePresenter.swift */,
			);
			path = Presenter;
			sourceTree = "<group>";
		};
		B09714A220786B1700517043 /* Service */ = {
			isa = PBXGroup;
			children = (
				B05099622085244E0055F3C9 /* Favorite */,
				B024B0C2207C4BF100BC9841 /* Home */,
				B024B0B3207C356D00BC9841 /* ApiManager.swift */,
				B024B0BE207C490900BC9841 /* RequestBuilder.swift */,
				B024B0C0207C49B600BC9841 /* ProductError.swift */,
			);
			path = Service;
			sourceTree = "<group>";
		};
		B099E35F207C50180045C2CA /* Extension */ = {
			isa = PBXGroup;
			children = (
				B099E360207C50330045C2CA /* UICollectionViewCell+Extension.swift */,
				B01D61C22080390500EE0B41 /* UIImageView+Extension.swift */,
				B01D61C62080597C00EE0B41 /* UIView+Extension.swift */,
			);
			path = Extension;
			sourceTree = "<group>";
		};
		B099E362207C512D0045C2CA /* Cell */ = {
			isa = PBXGroup;
			children = (
				B099E363207C51370045C2CA /* Home */,
			);
			path = Cell;
			sourceTree = "<group>";
		};
		B099E363207C51370045C2CA /* Home */ = {
			isa = PBXGroup;
			children = (
				B099E364207C51520045C2CA /* ProductCell.swift */,
				B099E365207C51520045C2CA /* ProductCell.xib */,
			);
			path = Home;
			sourceTree = "<group>";
		};
		FBC0547FE8FE3D379DE02331 /* Pods */ = {
			isa = PBXGroup;
			children = (
				193FDF833722ACD0ECA4DC46 /* Pods-TwitchGames.debug.xcconfig */,
				79FAB543641FF278AC65B19C /* Pods-TwitchGames.release.xcconfig */,
				B6D5A5FD65FDF916266FDED5 /* Pods-TwitchGamesTests.debug.xcconfig */,
				AAD1677801CB1A49EAA598D8 /* Pods-TwitchGamesTests.release.xcconfig */,
				534E7C8CFAAA20C625872C37 /* Pods-TwitchGamesUITests.debug.xcconfig */,
				0B0B5ACE99D1A9B076020C6C /* Pods-TwitchGamesUITests.release.xcconfig */,
			);
			name = Pods;
			sourceTree = "<group>";
		};
/* End PBXGroup section */

/* Begin PBXNativeTarget section */
		B097146120784D4D00517043 /* TwitchGames */ = {
			isa = PBXNativeTarget;
			buildConfigurationList = B097148D20784D4E00517043 /* Build configuration list for PBXNativeTarget "TwitchGames" */;
			buildPhases = (
				A467069A4A0C50CC4D83436A /* [CP] Check Pods Manifest.lock */,
				B097145E20784D4D00517043 /* Sources */,
				B097145F20784D4D00517043 /* Frameworks */,
				B097146020784D4D00517043 /* Resources */,
				EF1506E58E0347B327771C2C /* [CP] Embed Pods Frameworks */,
			);
			buildRules = (
			);
			dependencies = (
			);
			name = TwitchGames;
			productName = TwitchGames;
			productReference = B097146220784D4D00517043 /* TwitchGames.app */;
			productType = "com.apple.product-type.application";
		};
		B097147820784D4E00517043 /* TwitchGamesTests */ = {
			isa = PBXNativeTarget;
			buildConfigurationList = B097149020784D4E00517043 /* Build configuration list for PBXNativeTarget "TwitchGamesTests" */;
			buildPhases = (
				144B91C8586DA7948B752280 /* [CP] Check Pods Manifest.lock */,
				B097147520784D4E00517043 /* Sources */,
				B097147620784D4E00517043 /* Frameworks */,
				B097147720784D4E00517043 /* Resources */,
			);
			buildRules = (
			);
			dependencies = (
				B097147B20784D4E00517043 /* PBXTargetDependency */,
			);
			name = TwitchGamesTests;
			productName = TwitchGamesTests;
			productReference = B097147920784D4E00517043 /* TwitchGamesTests.xctest */;
			productType = "com.apple.product-type.bundle.unit-test";
		};
		B097148320784D4E00517043 /* TwitchGamesUITests */ = {
			isa = PBXNativeTarget;
			buildConfigurationList = B097149320784D4E00517043 /* Build configuration list for PBXNativeTarget "TwitchGamesUITests" */;
			buildPhases = (
				A45B70928035619DF93DAAC8 /* [CP] Check Pods Manifest.lock */,
				B097148020784D4E00517043 /* Sources */,
				B097148120784D4E00517043 /* Frameworks */,
				B097148220784D4E00517043 /* Resources */,
			);
			buildRules = (
			);
			dependencies = (
				B097148620784D4E00517043 /* PBXTargetDependency */,
			);
			name = TwitchGamesUITests;
			productName = TwitchGamesUITests;
			productReference = B097148420784D4E00517043 /* TwitchGamesUITests.xctest */;
			productType = "com.apple.product-type.bundle.ui-testing";
		};
/* End PBXNativeTarget section */

/* Begin PBXProject section */
		B097145A20784D4D00517043 /* Project object */ = {
			isa = PBXProject;
			attributes = {
				LastSwiftUpdateCheck = 0930;
				LastUpgradeCheck = 0930;
				ORGANIZATIONNAME = Finotti;
				TargetAttributes = {
					B097146120784D4D00517043 = {
						CreatedOnToolsVersion = 9.3;
					};
					B097147820784D4E00517043 = {
						CreatedOnToolsVersion = 9.3;
						TestTargetID = B097146120784D4D00517043;
					};
					B097148320784D4E00517043 = {
						CreatedOnToolsVersion = 9.3;
						TestTargetID = B097146120784D4D00517043;
					};
				};
			};
			buildConfigurationList = B097145D20784D4D00517043 /* Build configuration list for PBXProject "TwitchGames" */;
			compatibilityVersion = "Xcode 9.3";
			developmentRegion = en;
			hasScannedForEncodings = 0;
			knownRegions = (
				en,
				Base,
			);
			mainGroup = B097145920784D4D00517043;
			productRefGroup = B097146320784D4D00517043 /* Products */;
			projectDirPath = "";
			projectRoot = "";
			targets = (
				B097146120784D4D00517043 /* TwitchGames */,
				B097147820784D4E00517043 /* TwitchGamesTests */,
				B097148320784D4E00517043 /* TwitchGamesUITests */,
			);
		};
/* End PBXProject section */

/* Begin PBXResourcesBuildPhase section */
		B097146020784D4D00517043 /* Resources */ = {
			isa = PBXResourcesBuildPhase;
			buildActionMask = 2147483647;
			files = (
				B097147320784D4E00517043 /* LaunchScreen.storyboard in Resources */,
				B099E367207C51520045C2CA /* ProductCell.xib in Resources */,
				B097147020784D4E00517043 /* Assets.xcassets in Resources */,
				B024B0B8207C364B00BC9841 /* urls.plist in Resources */,
				B097146B20784D4D00517043 /* Main.storyboard in Resources */,
			);
			runOnlyForDeploymentPostprocessing = 0;
		};
		B097147720784D4E00517043 /* Resources */ = {
			isa = PBXResourcesBuildPhase;
			buildActionMask = 2147483647;
			files = (
			);
			runOnlyForDeploymentPostprocessing = 0;
		};
		B097148220784D4E00517043 /* Resources */ = {
			isa = PBXResourcesBuildPhase;
			buildActionMask = 2147483647;
			files = (
			);
			runOnlyForDeploymentPostprocessing = 0;
		};
/* End PBXResourcesBuildPhase section */

/* Begin PBXShellScriptBuildPhase section */
		144B91C8586DA7948B752280 /* [CP] Check Pods Manifest.lock */ = {
			isa = PBXShellScriptBuildPhase;
			buildActionMask = 2147483647;
			files = (
			);
			inputPaths = (
				"${PODS_PODFILE_DIR_PATH}/Podfile.lock",
				"${PODS_ROOT}/Manifest.lock",
			);
			name = "[CP] Check Pods Manifest.lock";
			outputPaths = (
				"$(DERIVED_FILE_DIR)/Pods-TwitchGamesTests-checkManifestLockResult.txt",
			);
			runOnlyForDeploymentPostprocessing = 0;
			shellPath = /bin/sh;
			shellScript = "diff \"${PODS_PODFILE_DIR_PATH}/Podfile.lock\" \"${PODS_ROOT}/Manifest.lock\" > /dev/null\nif [ $? != 0 ] ; then\n    # print error to STDERR\n    echo \"error: The sandbox is not in sync with the Podfile.lock. Run 'pod install' or update your CocoaPods installation.\" >&2\n    exit 1\nfi\n# This output is used by Xcode 'outputs' to avoid re-running this script phase.\necho \"SUCCESS\" > \"${SCRIPT_OUTPUT_FILE_0}\"\n";
			showEnvVarsInLog = 0;
		};
		A45B70928035619DF93DAAC8 /* [CP] Check Pods Manifest.lock */ = {
			isa = PBXShellScriptBuildPhase;
			buildActionMask = 2147483647;
			files = (
			);
			inputPaths = (
				"${PODS_PODFILE_DIR_PATH}/Podfile.lock",
				"${PODS_ROOT}/Manifest.lock",
			);
			name = "[CP] Check Pods Manifest.lock";
			outputPaths = (
				"$(DERIVED_FILE_DIR)/Pods-TwitchGamesUITests-checkManifestLockResult.txt",
			);
			runOnlyForDeploymentPostprocessing = 0;
			shellPath = /bin/sh;
			shellScript = "diff \"${PODS_PODFILE_DIR_PATH}/Podfile.lock\" \"${PODS_ROOT}/Manifest.lock\" > /dev/null\nif [ $? != 0 ] ; then\n    # print error to STDERR\n    echo \"error: The sandbox is not in sync with the Podfile.lock. Run 'pod install' or update your CocoaPods installation.\" >&2\n    exit 1\nfi\n# This output is used by Xcode 'outputs' to avoid re-running this script phase.\necho \"SUCCESS\" > \"${SCRIPT_OUTPUT_FILE_0}\"\n";
			showEnvVarsInLog = 0;
		};
		A467069A4A0C50CC4D83436A /* [CP] Check Pods Manifest.lock */ = {
			isa = PBXShellScriptBuildPhase;
			buildActionMask = 2147483647;
			files = (
			);
			inputPaths = (
				"${PODS_PODFILE_DIR_PATH}/Podfile.lock",
				"${PODS_ROOT}/Manifest.lock",
			);
			name = "[CP] Check Pods Manifest.lock";
			outputPaths = (
				"$(DERIVED_FILE_DIR)/Pods-TwitchGames-checkManifestLockResult.txt",
			);
			runOnlyForDeploymentPostprocessing = 0;
			shellPath = /bin/sh;
			shellScript = "diff \"${PODS_PODFILE_DIR_PATH}/Podfile.lock\" \"${PODS_ROOT}/Manifest.lock\" > /dev/null\nif [ $? != 0 ] ; then\n    # print error to STDERR\n    echo \"error: The sandbox is not in sync with the Podfile.lock. Run 'pod install' or update your CocoaPods installation.\" >&2\n    exit 1\nfi\n# This output is used by Xcode 'outputs' to avoid re-running this script phase.\necho \"SUCCESS\" > \"${SCRIPT_OUTPUT_FILE_0}\"\n";
			showEnvVarsInLog = 0;
		};
		EF1506E58E0347B327771C2C /* [CP] Embed Pods Frameworks */ = {
			isa = PBXShellScriptBuildPhase;
			buildActionMask = 2147483647;
			files = (
			);
			inputPaths = (
				"${SRCROOT}/Pods/Target Support Files/Pods-TwitchGames/Pods-TwitchGames-frameworks.sh",
				"${BUILT_PRODUCTS_DIR}/Alamofire/Alamofire.framework",
				"${BUILT_PRODUCTS_DIR}/AlamofireObjectMapper/AlamofireObjectMapper.framework",
				"${BUILT_PRODUCTS_DIR}/CoreDataManager/CoreDataManager.framework",
				"${BUILT_PRODUCTS_DIR}/ObjectMapper/ObjectMapper.framework",
				"${BUILT_PRODUCTS_DIR}/SwiftyJSON/SwiftyJSON.framework",
			);
			name = "[CP] Embed Pods Frameworks";
			outputPaths = (
				"${TARGET_BUILD_DIR}/${FRAMEWORKS_FOLDER_PATH}/Alamofire.framework",
				"${TARGET_BUILD_DIR}/${FRAMEWORKS_FOLDER_PATH}/AlamofireObjectMapper.framework",
				"${TARGET_BUILD_DIR}/${FRAMEWORKS_FOLDER_PATH}/CoreDataManager.framework",
				"${TARGET_BUILD_DIR}/${FRAMEWORKS_FOLDER_PATH}/ObjectMapper.framework",
				"${TARGET_BUILD_DIR}/${FRAMEWORKS_FOLDER_PATH}/SwiftyJSON.framework",
			);
			runOnlyForDeploymentPostprocessing = 0;
			shellPath = /bin/sh;
			shellScript = "\"${SRCROOT}/Pods/Target Support Files/Pods-TwitchGames/Pods-TwitchGames-frameworks.sh\"\n";
			showEnvVarsInLog = 0;
		};
/* End PBXShellScriptBuildPhase section */

/* Begin PBXSourcesBuildPhase section */
		B097145E20784D4D00517043 /* Sources */ = {
			isa = PBXSourcesBuildPhase;
			buildActionMask = 2147483647;
			files = (
				B097146E20784D4D00517043 /* TwitchGames.xcdatamodeld in Sources */,
				B024B0B4207C356D00BC9841 /* ApiManager.swift in Sources */,
				B0509961208511FA0055F3C9 /* FavoritePresenter.swift in Sources */,
				B099E361207C50330045C2CA /* UICollectionViewCell+Extension.swift in Sources */,
				B097146620784D4D00517043 /* AppDelegate.swift in Sources */,
				B097149F20786A8C00517043 /* DetailViewController.swift in Sources */,
				B024B0BF207C490900BC9841 /* RequestBuilder.swift in Sources */,
				B024B0BB207C36D600BC9841 /* TGUrlHelper.swift in Sources */,
				B026F8C22083F35600689E31 /* ProductList.swift in Sources */,
				B05099652085247C0055F3C9 /* FavoriteService.swift in Sources */,
				B09714A120786AF000517043 /* HomePresenter.swift in Sources */,
				B024B0C4207C4BFF00BC9841 /* HomeService.swift in Sources */,
				B097149D20786A8100517043 /* FavoriteViewController.swift in Sources */,
				B01D61C32080390500EE0B41 /* UIImageView+Extension.swift in Sources */,
				B099E366207C51520045C2CA /* ProductCell.swift in Sources */,
				B097149B20786A5700517043 /* HomeViewController.swift in Sources */,
				B01D61C52080581300EE0B41 /* CustomFlowLayout.swift in Sources */,
				B024B0C1207C49B600BC9841 /* ProductError.swift in Sources */,
				B01D61C72080597C00EE0B41 /* UIView+Extension.swift in Sources */,
				B026F8BC2083EC4400689E31 /* Product.swift in Sources */,
			);
			runOnlyForDeploymentPostprocessing = 0;
		};
		B097147520784D4E00517043 /* Sources */ = {
			isa = PBXSourcesBuildPhase;
			buildActionMask = 2147483647;
			files = (
				B097147E20784D4E00517043 /* TwitchGamesTests.swift in Sources */,
			);
			runOnlyForDeploymentPostprocessing = 0;
		};
		B097148020784D4E00517043 /* Sources */ = {
			isa = PBXSourcesBuildPhase;
			buildActionMask = 2147483647;
			files = (
				B097148920784D4E00517043 /* TwitchGamesUITests.swift in Sources */,
			);
			runOnlyForDeploymentPostprocessing = 0;
		};
/* End PBXSourcesBuildPhase section */

/* Begin PBXTargetDependency section */
		B097147B20784D4E00517043 /* PBXTargetDependency */ = {
			isa = PBXTargetDependency;
			target = B097146120784D4D00517043 /* TwitchGames */;
			targetProxy = B097147A20784D4E00517043 /* PBXContainerItemProxy */;
		};
		B097148620784D4E00517043 /* PBXTargetDependency */ = {
			isa = PBXTargetDependency;
			target = B097146120784D4D00517043 /* TwitchGames */;
			targetProxy = B097148520784D4E00517043 /* PBXContainerItemProxy */;
		};
/* End PBXTargetDependency section */

/* Begin PBXVariantGroup section */
		B097146920784D4D00517043 /* Main.storyboard */ = {
			isa = PBXVariantGroup;
			children = (
				B097146A20784D4D00517043 /* Base */,
			);
			name = Main.storyboard;
			sourceTree = "<group>";
		};
		B097147120784D4E00517043 /* LaunchScreen.storyboard */ = {
			isa = PBXVariantGroup;
			children = (
				B097147220784D4E00517043 /* Base */,
			);
			name = LaunchScreen.storyboard;
			sourceTree = "<group>";
		};
/* End PBXVariantGroup section */

/* Begin XCBuildConfiguration section */
		B097148B20784D4E00517043 /* Debug */ = {
			isa = XCBuildConfiguration;
			buildSettings = {
				ALWAYS_SEARCH_USER_PATHS = NO;
				CLANG_ANALYZER_NONNULL = YES;
				CLANG_ANALYZER_NUMBER_OBJECT_CONVERSION = YES_AGGRESSIVE;
				CLANG_CXX_LANGUAGE_STANDARD = "gnu++14";
				CLANG_CXX_LIBRARY = "libc++";
				CLANG_ENABLE_MODULES = YES;
				CLANG_ENABLE_OBJC_ARC = YES;
				CLANG_ENABLE_OBJC_WEAK = YES;
				CLANG_WARN_BLOCK_CAPTURE_AUTORELEASING = YES;
				CLANG_WARN_BOOL_CONVERSION = YES;
				CLANG_WARN_COMMA = YES;
				CLANG_WARN_CONSTANT_CONVERSION = YES;
				CLANG_WARN_DEPRECATED_OBJC_IMPLEMENTATIONS = YES;
				CLANG_WARN_DIRECT_OBJC_ISA_USAGE = YES_ERROR;
				CLANG_WARN_DOCUMENTATION_COMMENTS = YES;
				CLANG_WARN_EMPTY_BODY = YES;
				CLANG_WARN_ENUM_CONVERSION = YES;
				CLANG_WARN_INFINITE_RECURSION = YES;
				CLANG_WARN_INT_CONVERSION = YES;
				CLANG_WARN_NON_LITERAL_NULL_CONVERSION = YES;
				CLANG_WARN_OBJC_IMPLICIT_RETAIN_SELF = YES;
				CLANG_WARN_OBJC_LITERAL_CONVERSION = YES;
				CLANG_WARN_OBJC_ROOT_CLASS = YES_ERROR;
				CLANG_WARN_RANGE_LOOP_ANALYSIS = YES;
				CLANG_WARN_STRICT_PROTOTYPES = YES;
				CLANG_WARN_SUSPICIOUS_MOVE = YES;
				CLANG_WARN_UNGUARDED_AVAILABILITY = YES_AGGRESSIVE;
				CLANG_WARN_UNREACHABLE_CODE = YES;
				CLANG_WARN__DUPLICATE_METHOD_MATCH = YES;
				CODE_SIGN_IDENTITY = "iPhone Developer";
				COPY_PHASE_STRIP = NO;
				DEBUG_INFORMATION_FORMAT = dwarf;
				ENABLE_STRICT_OBJC_MSGSEND = YES;
				ENABLE_TESTABILITY = YES;
				GCC_C_LANGUAGE_STANDARD = gnu11;
				GCC_DYNAMIC_NO_PIC = NO;
				GCC_NO_COMMON_BLOCKS = YES;
				GCC_OPTIMIZATION_LEVEL = 0;
				GCC_PREPROCESSOR_DEFINITIONS = (
					"DEBUG=1",
					"$(inherited)",
				);
				GCC_WARN_64_TO_32_BIT_CONVERSION = YES;
				GCC_WARN_ABOUT_RETURN_TYPE = YES_ERROR;
				GCC_WARN_UNDECLARED_SELECTOR = YES;
				GCC_WARN_UNINITIALIZED_AUTOS = YES_AGGRESSIVE;
				GCC_WARN_UNUSED_FUNCTION = YES;
				GCC_WARN_UNUSED_VARIABLE = YES;
				IPHONEOS_DEPLOYMENT_TARGET = 11.3;
				MTL_ENABLE_DEBUG_INFO = YES;
				ONLY_ACTIVE_ARCH = YES;
				SDKROOT = iphoneos;
				SWIFT_ACTIVE_COMPILATION_CONDITIONS = DEBUG;
				SWIFT_OPTIMIZATION_LEVEL = "-Onone";
			};
			name = Debug;
		};
		B097148C20784D4E00517043 /* Release */ = {
			isa = XCBuildConfiguration;
			buildSettings = {
				ALWAYS_SEARCH_USER_PATHS = NO;
				CLANG_ANALYZER_NONNULL = YES;
				CLANG_ANALYZER_NUMBER_OBJECT_CONVERSION = YES_AGGRESSIVE;
				CLANG_CXX_LANGUAGE_STANDARD = "gnu++14";
				CLANG_CXX_LIBRARY = "libc++";
				CLANG_ENABLE_MODULES = YES;
				CLANG_ENABLE_OBJC_ARC = YES;
				CLANG_ENABLE_OBJC_WEAK = YES;
				CLANG_WARN_BLOCK_CAPTURE_AUTORELEASING = YES;
				CLANG_WARN_BOOL_CONVERSION = YES;
				CLANG_WARN_COMMA = YES;
				CLANG_WARN_CONSTANT_CONVERSION = YES;
				CLANG_WARN_DEPRECATED_OBJC_IMPLEMENTATIONS = YES;
				CLANG_WARN_DIRECT_OBJC_ISA_USAGE = YES_ERROR;
				CLANG_WARN_DOCUMENTATION_COMMENTS = YES;
				CLANG_WARN_EMPTY_BODY = YES;
				CLANG_WARN_ENUM_CONVERSION = YES;
				CLANG_WARN_INFINITE_RECURSION = YES;
				CLANG_WARN_INT_CONVERSION = YES;
				CLANG_WARN_NON_LITERAL_NULL_CONVERSION = YES;
				CLANG_WARN_OBJC_IMPLICIT_RETAIN_SELF = YES;
				CLANG_WARN_OBJC_LITERAL_CONVERSION = YES;
				CLANG_WARN_OBJC_ROOT_CLASS = YES_ERROR;
				CLANG_WARN_RANGE_LOOP_ANALYSIS = YES;
				CLANG_WARN_STRICT_PROTOTYPES = YES;
				CLANG_WARN_SUSPICIOUS_MOVE = YES;
				CLANG_WARN_UNGUARDED_AVAILABILITY = YES_AGGRESSIVE;
				CLANG_WARN_UNREACHABLE_CODE = YES;
				CLANG_WARN__DUPLICATE_METHOD_MATCH = YES;
				CODE_SIGN_IDENTITY = "iPhone Developer";
				COPY_PHASE_STRIP = NO;
				DEBUG_INFORMATION_FORMAT = "dwarf-with-dsym";
				ENABLE_NS_ASSERTIONS = NO;
				ENABLE_STRICT_OBJC_MSGSEND = YES;
				GCC_C_LANGUAGE_STANDARD = gnu11;
				GCC_NO_COMMON_BLOCKS = YES;
				GCC_WARN_64_TO_32_BIT_CONVERSION = YES;
				GCC_WARN_ABOUT_RETURN_TYPE = YES_ERROR;
				GCC_WARN_UNDECLARED_SELECTOR = YES;
				GCC_WARN_UNINITIALIZED_AUTOS = YES_AGGRESSIVE;
				GCC_WARN_UNUSED_FUNCTION = YES;
				GCC_WARN_UNUSED_VARIABLE = YES;
				IPHONEOS_DEPLOYMENT_TARGET = 11.3;
				MTL_ENABLE_DEBUG_INFO = NO;
				SDKROOT = iphoneos;
				SWIFT_COMPILATION_MODE = wholemodule;
				SWIFT_OPTIMIZATION_LEVEL = "-O";
				VALIDATE_PRODUCT = YES;
			};
			name = Release;
		};
		B097148E20784D4E00517043 /* Debug */ = {
			isa = XCBuildConfiguration;
			baseConfigurationReference = 193FDF833722ACD0ECA4DC46 /* Pods-TwitchGames.debug.xcconfig */;
			buildSettings = {
				ASSETCATALOG_COMPILER_APPICON_NAME = AppIcon;
				CODE_SIGN_STYLE = Automatic;
				DEVELOPMENT_TEAM = VZB2Z99GV8;
				INFOPLIST_FILE = TwitchGames/Info.plist;
				LD_RUNPATH_SEARCH_PATHS = (
					"$(inherited)",
					"@executable_path/Frameworks",
				);
				PRODUCT_BUNDLE_IDENTIFIER = com.finotti.TwitchGames;
				PRODUCT_NAME = "$(TARGET_NAME)";
				SWIFT_VERSION = 4.0;
				TARGETED_DEVICE_FAMILY = "1,2";
			};
			name = Debug;
		};
		B097148F20784D4E00517043 /* Release */ = {
			isa = XCBuildConfiguration;
			baseConfigurationReference = 79FAB543641FF278AC65B19C /* Pods-TwitchGames.release.xcconfig */;
			buildSettings = {
				ASSETCATALOG_COMPILER_APPICON_NAME = AppIcon;
				CODE_SIGN_STYLE = Automatic;
				DEVELOPMENT_TEAM = VZB2Z99GV8;
				INFOPLIST_FILE = TwitchGames/Info.plist;
				LD_RUNPATH_SEARCH_PATHS = (
					"$(inherited)",
					"@executable_path/Frameworks",
				);
				PRODUCT_BUNDLE_IDENTIFIER = com.finotti.TwitchGames;
				PRODUCT_NAME = "$(TARGET_NAME)";
				SWIFT_VERSION = 4.0;
				TARGETED_DEVICE_FAMILY = "1,2";
			};
			name = Release;
		};
		B097149120784D4E00517043 /* Debug */ = {
			isa = XCBuildConfiguration;
			baseConfigurationReference = B6D5A5FD65FDF916266FDED5 /* Pods-TwitchGamesTests.debug.xcconfig */;
			buildSettings = {
				ALWAYS_EMBED_SWIFT_STANDARD_LIBRARIES = YES;
				BUNDLE_LOADER = "$(TEST_HOST)";
				CODE_SIGN_STYLE = Automatic;
				DEVELOPMENT_TEAM = VZB2Z99GV8;
				INFOPLIST_FILE = TwitchGamesTests/Info.plist;
				LD_RUNPATH_SEARCH_PATHS = (
					"$(inherited)",
					"@executable_path/Frameworks",
					"@loader_path/Frameworks",
				);
				PRODUCT_BUNDLE_IDENTIFIER = com.finotti.TwitchGamesTests;
				PRODUCT_NAME = "$(TARGET_NAME)";
				SWIFT_VERSION = 4.0;
				TARGETED_DEVICE_FAMILY = "1,2";
				TEST_HOST = "$(BUILT_PRODUCTS_DIR)/TwitchGames.app/TwitchGames";
			};
			name = Debug;
		};
		B097149220784D4E00517043 /* Release */ = {
			isa = XCBuildConfiguration;
			baseConfigurationReference = AAD1677801CB1A49EAA598D8 /* Pods-TwitchGamesTests.release.xcconfig */;
			buildSettings = {
				ALWAYS_EMBED_SWIFT_STANDARD_LIBRARIES = YES;
				BUNDLE_LOADER = "$(TEST_HOST)";
				CODE_SIGN_STYLE = Automatic;
				DEVELOPMENT_TEAM = VZB2Z99GV8;
				INFOPLIST_FILE = TwitchGamesTests/Info.plist;
				LD_RUNPATH_SEARCH_PATHS = (
					"$(inherited)",
					"@executable_path/Frameworks",
					"@loader_path/Frameworks",
				);
				PRODUCT_BUNDLE_IDENTIFIER = com.finotti.TwitchGamesTests;
				PRODUCT_NAME = "$(TARGET_NAME)";
				SWIFT_VERSION = 4.0;
				TARGETED_DEVICE_FAMILY = "1,2";
				TEST_HOST = "$(BUILT_PRODUCTS_DIR)/TwitchGames.app/TwitchGames";
			};
			name = Release;
		};
		B097149420784D4E00517043 /* Debug */ = {
			isa = XCBuildConfiguration;
			baseConfigurationReference = 534E7C8CFAAA20C625872C37 /* Pods-TwitchGamesUITests.debug.xcconfig */;
			buildSettings = {
				ALWAYS_EMBED_SWIFT_STANDARD_LIBRARIES = YES;
				CODE_SIGN_STYLE = Automatic;
				DEVELOPMENT_TEAM = VZB2Z99GV8;
				INFOPLIST_FILE = TwitchGamesUITests/Info.plist;
				LD_RUNPATH_SEARCH_PATHS = (
					"$(inherited)",
					"@executable_path/Frameworks",
					"@loader_path/Frameworks",
				);
				PRODUCT_BUNDLE_IDENTIFIER = com.finotti.TwitchGamesUITests;
				PRODUCT_NAME = "$(TARGET_NAME)";
				SWIFT_VERSION = 4.0;
				TARGETED_DEVICE_FAMILY = "1,2";
				TEST_TARGET_NAME = TwitchGames;
			};
			name = Debug;
		};
		B097149520784D4E00517043 /* Release */ = {
			isa = XCBuildConfiguration;
			baseConfigurationReference = 0B0B5ACE99D1A9B076020C6C /* Pods-TwitchGamesUITests.release.xcconfig */;
			buildSettings = {
				ALWAYS_EMBED_SWIFT_STANDARD_LIBRARIES = YES;
				CODE_SIGN_STYLE = Automatic;
				DEVELOPMENT_TEAM = VZB2Z99GV8;
				INFOPLIST_FILE = TwitchGamesUITests/Info.plist;
				LD_RUNPATH_SEARCH_PATHS = (
					"$(inherited)",
					"@executable_path/Frameworks",
					"@loader_path/Frameworks",
				);
				PRODUCT_BUNDLE_IDENTIFIER = com.finotti.TwitchGamesUITests;
				PRODUCT_NAME = "$(TARGET_NAME)";
				SWIFT_VERSION = 4.0;
				TARGETED_DEVICE_FAMILY = "1,2";
				TEST_TARGET_NAME = TwitchGames;
			};
			name = Release;
		};
/* End XCBuildConfiguration section */

/* Begin XCConfigurationList section */
		B097145D20784D4D00517043 /* Build configuration list for PBXProject "TwitchGames" */ = {
			isa = XCConfigurationList;
			buildConfigurations = (
				B097148B20784D4E00517043 /* Debug */,
				B097148C20784D4E00517043 /* Release */,
			);
			defaultConfigurationIsVisible = 0;
			defaultConfigurationName = Release;
		};
		B097148D20784D4E00517043 /* Build configuration list for PBXNativeTarget "TwitchGames" */ = {
			isa = XCConfigurationList;
			buildConfigurations = (
				B097148E20784D4E00517043 /* Debug */,
				B097148F20784D4E00517043 /* Release */,
			);
			defaultConfigurationIsVisible = 0;
			defaultConfigurationName = Release;
		};
		B097149020784D4E00517043 /* Build configuration list for PBXNativeTarget "TwitchGamesTests" */ = {
			isa = XCConfigurationList;
			buildConfigurations = (
				B097149120784D4E00517043 /* Debug */,
				B097149220784D4E00517043 /* Release */,
			);
			defaultConfigurationIsVisible = 0;
			defaultConfigurationName = Release;
		};
		B097149320784D4E00517043 /* Build configuration list for PBXNativeTarget "TwitchGamesUITests" */ = {
			isa = XCConfigurationList;
			buildConfigurations = (
				B097149420784D4E00517043 /* Debug */,
				B097149520784D4E00517043 /* Release */,
			);
			defaultConfigurationIsVisible = 0;
			defaultConfigurationName = Release;
		};
/* End XCConfigurationList section */

/* Begin XCVersionGroup section */
		B097146C20784D4D00517043 /* TwitchGames.xcdatamodeld */ = {
			isa = XCVersionGroup;
			children = (
				B097146D20784D4D00517043 /* TwitchGames.xcdatamodel */,
			);
			currentVersion = B097146D20784D4D00517043 /* TwitchGames.xcdatamodel */;
			path = TwitchGames.xcdatamodeld;
			sourceTree = "<group>";
			versionGroupType = wrapper.xcdatamodel;
		};
/* End XCVersionGroup section */
	};
	rootObject = B097145A20784D4D00517043 /* Project object */;
}
